{
  "name": "ezrathedev.github.io",
  "version": "1.0.0",
  "lockfileVersion": 2,
  "requires": true,
  "packages": {
    "": {
      "version": "1.0.0",
      "license": "ISC",
      "dependencies": {
        "haml": "^0.4.3"
      }
    },
    "node_modules/haml": {
      "version": "0.4.3",
      "resolved": "https://registry.npmjs.org/haml/-/haml-0.4.3.tgz",
      "integrity": "sha1-90BTGPPC7dGXpIsbjysvE+C7U3g=",
      "bin": {
        "haml-js": "lib/cli.js"
      }
    }
  },
  "dependencies": {
    "haml": {
      "version": "0.4.3",
      "resolved": "https://registry.npmjs.org/haml/-/haml-0.4.3.tgz",
      "integrity": "sha1-90BTGPPC7dGXpIsbjysvE+C7U3g="
    }
  }
}
